<?xml version="1.0" encoding="utf-8"?>
<Project ToolsVersion="4.0" xmlns="http://schemas.microsoft.com/developer/msbuild/2003">
  <ItemGroup>
    <Filter Include="Source Files">
      <UniqueIdentifier>{4FC737F1-C7A5-4376-A066-2A32D752A2FF}</UniqueIdentifier>
      <Extensions>cpp;c;cc;cxx;c++;cppm;ixx;def;odl;idl;hpj;bat;asm;asmx</Extensions>
    </Filter>
    <Filter Include="Header Files">
      <UniqueIdentifier>{93995380-89BD-4b04-88EB-625FBE52EBFB}</UniqueIdentifier>
      <Extensions>h;hh;hpp;hxx;h++;hm;inl;inc;ipp;xsd</Extensions>
    </Filter>
    <Filter Include="Resource Files">
      <UniqueIdentifier>{67DA6AB6-F800-4c08-8B7A-83BB121AAD01}</UniqueIdentifier>
      <Extensions>rc;ico;cur;bmp;dlg;rc2;rct;bin;rgs;gif;jpg;jpeg;jpe;resx;tiff;tif;png;wav;mfcribbon-ms</Extensions>
    </Filter>
  </ItemGroup>
  <ItemGroup>
    <ClCompile Include="src\io\Window.cpp">
      <Filter>Source Files</Filter>
    </ClCompile>
    <ClCompile Include="src\shader\Shader.cpp">
      <Filter>Source Files</Filter>
    </ClCompile>
    <ClCompile Include="src\Minecraft.cpp">
      <Filter>Source Files</Filter>
    </ClCompile>
    <ClCompile Include="src\third_party\glad.cpp">
      <Filter>Source Files</Filter>
    </ClCompile>
    <ClCompile Include="src\PlayerInput.cpp">
      <Filter>Source Files</Filter>
    </ClCompile>
    <ClCompile Include="src\Camera.cpp">
      <Filter>Source Files</Filter>
    </ClCompile>
    <ClCompile Include="src\io\Keyboard.cpp">
      <Filter>Source Files</Filter>
    </ClCompile>
    <ClCompile Include="src\io\Mouse.cpp">
      <Filter>Source Files</Filter>
    </ClCompile>
    <ClCompile Include="src\chunk\Chunk.cpp">
      <Filter>Source Files</Filter>
    </ClCompile>
    <ClCompile Include="src\chunk\ChunkManager.cpp">
      <Filter>Source Files</Filter>
    </ClCompile>
    <ClCompile Include="src\TextureManager.cpp">
      <Filter>Source Files</Filter>
    </ClCompile>
    <ClCompile Include="src\third_party\stb_image.cpp">
      <Filter>Source Files</Filter>
    </ClCompile>
    <ClCompile Include="src\terrain_generation\TerrainGenerator.cpp">
      <Filter>Source Files</Filter>
    </ClCompile>
    <ClCompile Include="src\renderer\ChunkRenderer.cpp">
      <Filter>Source Files</Filter>
    </ClCompile>
    <ClCompile Include="src\renderer\MasterRenderer.cpp">
      <Filter>Source Files</Filter>
    </ClCompile>
    <ClCompile Include="src\chunk\Mesh.cpp">
      <Filter>Source Files</Filter>
    </ClCompile>
    <ClCompile Include="src\renderer\Renderer.cpp">
      <Filter>Source Files</Filter>
    </ClCompile>
    <ClCompile Include="src\shader\ChunkShader.cpp">
      <Filter>Source Files</Filter>
    </ClCompile>
    <ClCompile Include="src\block\BlockArray.cpp">
      <Filter>Source Files</Filter>
    </ClCompile>
    <ClCompile Include="src\frustum\Frustum.cpp">
      <Filter>Source Files</Filter>
    </ClCompile>
    <ClCompile Include="src\frustum\AABox.cpp">
      <Filter>Source Files</Filter>
    </ClCompile>
    <ClCompile Include="src\frustum\Plane.cpp">
      <Filter>Source Files</Filter>
    </ClCompile>
    <ClCompile Include="src\chunk\VertexCompresser.cpp">
      <Filter>Source Files</Filter>
    </ClCompile>
    <ClCompile Include="src\terrain_generation\BiomeGenerator.cpp">
      <Filter>Source Files</Filter>
    </ClCompile>
    <ClCompile Include="src\terrain_generation\layers\ChunkLayerHandler.cpp">
      <Filter>Source Files</Filter>
    </ClCompile>
    <ClCompile Include="src\terrain_generation\layers\AirLayerHandler.cpp">
      <Filter>Source Files</Filter>
    </ClCompile>
    <ClCompile Include="src\terrain_generation\layers\SurfaceLayerHandler.cpp">
      <Filter>Source Files</Filter>
    </ClCompile>
    <ClCompile Include="src\terrain_generation\layers\UndergroundLayerHandler.cpp">
      <Filter>Source Files</Filter>
    </ClCompile>
    <ClCompile Include="src\terrain_generation\shapes\NoiseGenerator.cpp">
      <Filter>Source Files</Filter>
    </ClCompile>
    <ClCompile Include="src\terrain_generation\ShapeGenerator.cpp">
      <Filter>Source Files</Filter>
    </ClCompile>
    <ClCompile Include="src\terrain_generation\layers\OceanLayerHandler.cpp">
      <Filter>Source Files</Filter>
    </ClCompile>
    <ClCompile Include="src\shader\SkyboxShader.cpp">
      <Filter>Source Files</Filter>
    </ClCompile>
    <ClCompile Include="src\renderer\SkyboxRenderer.cpp">
      <Filter>Source Files</Filter>
    </ClCompile>
    <ClCompile Include="src\gpu_loader\SkyboxLoader.cpp">
      <Filter>Source Files</Filter>
    </ClCompile>
    <ClCompile Include="src\gpu_loader\VAOBinder.cpp">
      <Filter>Source Files</Filter>
    </ClCompile>
    <ClCompile Include="src\shader\GradientShader.cpp">
      <Filter>Source Files</Filter>
    </ClCompile>
    <ClCompile Include="src\renderer\GradientRenderer.cpp">
      <Filter>Source Files</Filter>
    </ClCompile>
    <ClCompile Include="src\tree\Tree.cpp">
      <Filter>Source Files</Filter>
    </ClCompile>
    <ClCompile Include="src\terrain_generation\shapes\DecorationGenerator.cpp">
      <Filter>Source Files</Filter>
    </ClCompile>
    <ClCompile Include="src\gpu_loader\VertexPool.cpp">
      <Filter>Source Files</Filter>
    </ClCompile>
  </ItemGroup>
  <ItemGroup>
    <ClInclude Include="src\io\Window.h">
      <Filter>Header Files</Filter>
    </ClInclude>
    <ClInclude Include="src\shader\Shader.h">
      <Filter>Header Files</Filter>
    </ClInclude>
    <ClInclude Include="src\Camera.h">
      <Filter>Header Files</Filter>
    </ClInclude>
    <ClInclude Include="src\PlayerInput.h">
      <Filter>Header Files</Filter>
    </ClInclude>
    <ClInclude Include="src\io\Keyboard.h">
      <Filter>Header Files</Filter>
    </ClInclude>
    <ClInclude Include="src\io\Mouse.h">
      <Filter>Header Files</Filter>
    </ClInclude>
    <ClInclude Include="src\chunk\Chunk.h">
      <Filter>Header Files</Filter>
    </ClInclude>
    <ClInclude Include="src\block\Block.h">
      <Filter>Header Files</Filter>
    </ClInclude>
    <ClInclude Include="src\block\BlockMesh.h">
      <Filter>Header Files</Filter>
    </ClInclude>
    <ClInclude Include="src\chunk\ChunkManager.h">
      <Filter>Header Files</Filter>
    </ClInclude>
    <ClInclude Include="src\TextureManager.h">
      <Filter>Header Files</Filter>
    </ClInclude>
    <ClInclude Include="src\third_party\stb_image.h">
      <Filter>Header Files</Filter>
    </ClInclude>
    <ClInclude Include="src\terrain_generation\TerrainGenerator.h">
      <Filter>Header Files</Filter>
    </ClInclude>
    <ClInclude Include="src\chunk\Mesh.h">
      <Filter>Header Files</Filter>
    </ClInclude>
    <ClInclude Include="src\renderer\Renderer.h">
      <Filter>Header Files</Filter>
    </ClInclude>
    <ClInclude Include="src\renderer\ChunkRenderer.h">
      <Filter>Header Files</Filter>
    </ClInclude>
    <ClInclude Include="src\renderer\MasterRenderer.h">
      <Filter>Header Files</Filter>
    </ClInclude>
    <ClInclude Include="src\shader\ChunkShader.h">
      <Filter>Header Files</Filter>
    </ClInclude>
    <ClInclude Include="src\chunk\ChunksMap.h">
      <Filter>Header Files</Filter>
    </ClInclude>
    <ClInclude Include="src\block\BlockArray.h">
      <Filter>Header Files</Filter>
    </ClInclude>
    <ClInclude Include="src\chunk\ChunkSize.h">
      <Filter>Header Files</Filter>
    </ClInclude>
    <ClInclude Include="src\frustum\Frustum.h">
      <Filter>Header Files</Filter>
    </ClInclude>
    <ClInclude Include="src\frustum\AABox.h">
      <Filter>Header Files</Filter>
    </ClInclude>
    <ClInclude Include="src\frustum\Plane.h">
      <Filter>Header Files</Filter>
    </ClInclude>
    <ClInclude Include="src\chunk\Vertex.h">
      <Filter>Header Files</Filter>
    </ClInclude>
    <ClInclude Include="src\terrain_generation\BiomeGenerator.h">
      <Filter>Header Files</Filter>
    </ClInclude>
    <ClInclude Include="src\terrain_generation\shapes\NoiseGenerator.h">
      <Filter>Header Files</Filter>
    </ClInclude>
    <ClInclude Include="src\terrain_generation\shapes\NoiseSettings.h">
      <Filter>Header Files</Filter>
    </ClInclude>
    <ClInclude Include="src\terrain_generation\layers\ChunkLayerHandler.h">
      <Filter>Header Files</Filter>
    </ClInclude>
    <ClInclude Include="src\terrain_generation\NoiseMapTypes.h">
      <Filter>Header Files</Filter>
    </ClInclude>
    <ClInclude Include="src\terrain_generation\layers\AirLayerHandler.h">
      <Filter>Header Files</Filter>
    </ClInclude>
    <ClInclude Include="src\terrain_generation\layers\SurfaceLayerHandler.h">
      <Filter>Header Files</Filter>
    </ClInclude>
    <ClInclude Include="src\terrain_generation\layers\UndergroundLayerHandler.h">
      <Filter>Header Files</Filter>
    </ClInclude>
    <ClInclude Include="src\third_party\bezier.h">
      <Filter>Header Files</Filter>
    </ClInclude>
    <ClInclude Include="src\terrain_generation\ShapeGenerator.h">
      <Filter>Header Files</Filter>
    </ClInclude>
    <ClInclude Include="src\terrain_generation\layers\OceanLayerHandler.h">
      <Filter>Header Files</Filter>
    </ClInclude>
    <ClInclude Include="src\shader\SkyboxShader.h">
      <Filter>Header Files</Filter>
    </ClInclude>
    <ClInclude Include="src\renderer\SkyboxRenderer.h">
      <Filter>Header Files</Filter>
    </ClInclude>
    <ClInclude Include="src\gpu_loader\SkyboxLoader.h">
      <Filter>Header Files</Filter>
    </ClInclude>
    <ClInclude Include="src\gpu_loader\VAOBinder.h">
      <Filter>Header Files</Filter>
    </ClInclude>
    <ClInclude Include="src\skybox\SkyboxMesh.h">
      <Filter>Header Files</Filter>
    </ClInclude>
    <ClInclude Include="src\shader\GradientShader.h">
      <Filter>Header Files</Filter>
    </ClInclude>
    <ClInclude Include="src\renderer\GradientRenderer.h">
      <Filter>Header Files</Filter>
    </ClInclude>
    <ClInclude Include="src\tree\Tree.h">
      <Filter>Header Files</Filter>
    </ClInclude>
    <ClInclude Include="src\terrain_generation\shapes\DecorationGenerator.h">
      <Filter>Header Files</Filter>
    </ClInclude>
    <ClInclude Include="src\level_of_detail\LevelOfDetail.h">
      <Filter>Header Files</Filter>
    </ClInclude>
    <ClInclude Include="src\gpu_loader\VertexPool.h">
      <Filter>Header Files</Filter>
    </ClInclude>
    <ClInclude Include="src\gpu_loader\DAIC.h">
      <Filter>Header Files</Filter>
    </ClInclude>
    <ClInclude Include="src\chunk\VertexCompresser.h">
      <Filter>Header Files</Filter>
    </ClInclude>
  </ItemGroup>
  <ItemGroup>
    <None Include="shaders\blockVertex.glsl" />
    <None Include="shaders\blockFragment.glsl" />
    <None Include="shaders\chunkVertex.glsl" />
    <None Include="shaders\chunkFragment.glsl" />
    <None Include="shaders\skyboxFragment.glsl" />
    <None Include="shaders\skyboxVertex.glsl" />
    <None Include="shaders\gradientVertex.glsl" />
    <None Include="shaders\gradientFragment.glsl" />
  </ItemGroup>
  <ItemGroup>
    <CopyFileToFolders Include="..\dependencies\FastNoise2\bin\FastNoise.dll">
      <Filter>Resource Files</Filter>
    </CopyFileToFolders>
    <CopyFileToFolders Include="..\dependencies\FastNoise2\bin\FastNoiseD.dll">
      <Filter>Resource Files</Filter>
    </CopyFileToFolders>
  </ItemGroup>
</Project>